
Microsoft Visual Studio Solution File, Format Version 12.00
# Visual Studio 15
VisualStudioVersion = 15.0.28307.960
MinimumVisualStudioVersion = 10.0.40219.1
Project("{8BC9CEB8-8B4A-11D0-8D11-00A0C91BC942}") = "FFTMetaprogramming", "FFTMetaprogramming\FFTMetaprogramming.vcxproj", "{BE8ADC02-0BF3-4843-9A16-C4036FCEA3AA}"
EndProject
Global
	GlobalSection(SolutionConfigurationPlatforms) = preSolution
		Debug|x64 = Debug|x64
		Debug|x86 = Debug|x86
		Release|x64 = Release|x64
		Release|x86 = Release|x86
	EndGlobalSection
	GlobalSection(ProjectConfigurationPlatforms) = postSolution
		{BE8ADC02-0BF3-4843-9A16-C4036FCEA3AA}.Debug|x64.ActiveCfg = Debug|x64
		{BE8ADC02-0BF3-4843-9A16-C4036FCEA3AA}.Debug|x64.Build.0 = Debug|x64
		{BE8ADC02-0BF3-4843-9A16-C4036FCEA3AA}.Debug|x86.ActiveCfg = Debug|Win32
		{BE8ADC02-0BF3-4843-9A16-C4036FCEA3AA}.Debug|x86.Build.0 = Debug|Win32
		{BE8ADC02-0BF3-4843-9A16-C4036FCEA3AA}.Release|x64.ActiveCfg = Release|x64
		{BE8ADC02-0BF3-4843-9A16-C4036FCEA3AA}.Release|x64.Build.0 = Release|x64
		{BE8ADC02-0BF3-4843-9A16-C4036FCEA3AA}.Release|x86.ActiveCfg = Release|Win32
		{BE8ADC02-0BF3-4843-9A16-C4036FCEA3AA}.Release|x86.Build.0 = Release|Win32
	EndGlobalSection
	GlobalSection(SolutionProperties) = preSolution
		HideSolutionNode = FALSE
	EndGlobalSection
	GlobalSection(ExtensibilityGlobals) = postSolution
		SolutionGuid = {40DF937C-BEF0-4A15-90B7-5A7EDA477575}
	EndGlobalSection
EndGlobal
